// !$*UTF8*$!
{
	archiveVersion = 1;
	classes = {
	};
	objectVersion = 46;
	objects = {

/* Begin PBXBuildFile section */
		04045C0B1A6C271500DC5276 /* AppDelegate.swift in Sources */ = {isa = PBXBuildFile; fileRef = 04045C0A1A6C271500DC5276 /* AppDelegate.swift */; };
		04045C0D1A6C271500DC5276 /* ViewController.swift in Sources */ = {isa = PBXBuildFile; fileRef = 04045C0C1A6C271500DC5276 /* ViewController.swift */; };
		04045C101A6C271500DC5276 /* Main.storyboard in Resources */ = {isa = PBXBuildFile; fileRef = 04045C0E1A6C271500DC5276 /* Main.storyboard */; };
		04045C121A6C271500DC5276 /* Images.xcassets in Resources */ = {isa = PBXBuildFile; fileRef = 04045C111A6C271500DC5276 /* Images.xcassets */; };
		04045C151A6C271500DC5276 /* LaunchScreen.xib in Resources */ = {isa = PBXBuildFile; fileRef = 04045C131A6C271500DC5276 /* LaunchScreen.xib */; };
		04045C211A6C271500DC5276 /* PersistentStorageTests.swift in Sources */ = {isa = PBXBuildFile; fileRef = 04045C201A6C271500DC5276 /* PersistentStorageTests.swift */; };
/* End PBXBuildFile section */

/* Begin PBXContainerItemProxy section */
		04045C1B1A6C271500DC5276 /* PBXContainerItemProxy */ = {
			isa = PBXContainerItemProxy;
			containerPortal = 04045BFD1A6C271500DC5276 /* Project object */;
			proxyType = 1;
			remoteGlobalIDString = 04045C041A6C271500DC5276;
			remoteInfo = PersistentStorage;
		};
/* End PBXContainerItemProxy section */

/* Begin PBXFileReference section */
		04045C051A6C271500DC5276 /* PersistentStorage.app */ = {isa = PBXFileReference; explicitFileType = wrapper.application; includeInIndex = 0; path = PersistentStorage.app; sourceTree = BUILT_PRODUCTS_DIR; };
		04045C091A6C271500DC5276 /* Info.plist */ = {isa = PBXFileReference; lastKnownFileType = text.plist.xml; path = Info.plist; sourceTree = "<group>"; };
		04045C0A1A6C271500DC5276 /* AppDelegate.swift */ = {isa = PBXFileReference; lastKnownFileType = sourcecode.swift; path = AppDelegate.swift; sourceTree = "<group>"; };
		04045C0C1A6C271500DC5276 /* ViewController.swift */ = {isa = PBXFileReference; lastKnownFileType = sourcecode.swift; path = ViewController.swift; sourceTree = "<group>"; };
		04045C0F1A6C271500DC5276 /* Base */ = {isa = PBXFileReference; lastKnownFileType = file.storyboard; name = Base; path = Base.lproj/Main.storyboard; sourceTree = "<group>"; };
		04045C111A6C271500DC5276 /* Images.xcassets */ = {isa = PBXFileReference; lastKnownFileType = folder.assetcatalog; path = Images.xcassets; sourceTree = "<group>"; };
		04045C141A6C271500DC5276 /* Base */ = {isa = PBXFileReference; lastKnownFileType = file.xib; name = Base; path = Base.lproj/LaunchScreen.xib; sourceTree = "<group>"; };
		04045C1A1A6C271500DC5276 /* PersistentStorageTests.xctest */ = {isa = PBXFileReference; explicitFileType = wrapper.cfbundle; includeInIndex = 0; path = PersistentStorageTests.xctest; sourceTree = BUILT_PRODUCTS_DIR; };
		04045C1F1A6C271500DC5276 /* Info.plist */ = {isa = PBXFileReference; lastKnownFileType = text.plist.xml; path = Info.plist; sourceTree = "<group>"; };
		04045C201A6C271500DC5276 /* PersistentStorageTests.swift */ = {isa = PBXFileReference; lastKnownFileType = sourcecode.swift; path = PersistentStorageTests.swift; sourceTree = "<group>"; };
/* End PBXFileReference section */

/* Begin PBXFrameworksBuildPhase section */
		04045C021A6C271500DC5276 /* Frameworks */ = {
			isa = PBXFrameworksBuildPhase;
			buildActionMask = 2147483647;
			files = (
			);
			runOnlyForDeploymentPostprocessing = 0;
		};
		04045C171A6C271500DC5276 /* Frameworks */ = {
			isa = PBXFrameworksBuildPhase;
			buildActionMask = 2147483647;
			files = (
			);
			runOnlyForDeploymentPostprocessing = 0;
		};
/* End PBXFrameworksBuildPhase section */

/* Begin PBXGroup section */
		04045BFC1A6C271500DC5276 = {
			isa = PBXGroup;
			children = (
				04045C071A6C271500DC5276 /* PersistentStorage */,
				04045C1D1A6C271500DC5276 /* PersistentStorageTests */,
				04045C061A6C271500DC5276 /* Products */,
			);
			sourceTree = "<group>";
		};
		04045C061A6C271500DC5276 /* Products */ = {
			isa = PBXGroup;
			children = (
				04045C051A6C271500DC5276 /* PersistentStorage.app */,
				04045C1A1A6C271500DC5276 /* PersistentStorageTests.xctest */,
			);
			name = Products;
			sourceTree = "<group>";
		};
		04045C071A6C271500DC5276 /* PersistentStorage */ = {
			isa = PBXGroup;
			children = (
				04045C0A1A6C271500DC5276 /* AppDelegate.swift */,
				04045C0C1A6C271500DC5276 /* ViewController.swift */,
				04045C0E1A6C271500DC5276 /* Main.storyboard */,
				04045C111A6C271500DC5276 /* Images.xcassets */,
				04045C131A6C271500DC5276 /* LaunchScreen.xib */,
				04045C081A6C271500DC5276 /* Supporting Files */,
			);
			path = PersistentStorage;
			sourceTree = "<group>";
		};
		04045C081A6C271500DC5276 /* Supporting Files */ = {
			isa = PBXGroup;
			children = (
				04045C091A6C271500DC5276 /* Info.plist */,
			);
			name = "Supporting Files";
			sourceTree = "<group>";
		};
		04045C1D1A6C271500DC5276 /* PersistentStorageTests */ = {
			isa = PBXGroup;
			children = (
				04045C201A6C271500DC5276 /* PersistentStorageTests.swift */,
				04045C1E1A6C271500DC5276 /* Supporting Files */,
			);
			path = PersistentStorageTests;
			sourceTree = "<group>";
		};
		04045C1E1A6C271500DC5276 /* Supporting Files */ = {
			isa = PBXGroup;
			children = (
				04045C1F1A6C271500DC5276 /* Info.plist */,
			);
			name = "Supporting Files";
			sourceTree = "<group>";
		};
/* End PBXGroup section */

/* Begin PBXNativeTarget section */
		04045C041A6C271500DC5276 /* PersistentStorage */ = {
			isa = PBXNativeTarget;
			buildConfigurationList = 04045C241A6C271500DC5276 /* Build configuration list for PBXNativeTarget "PersistentStorage" */;
			buildPhases = (
				04045C011A6C271500DC5276 /* Sources */,
				04045C021A6C271500DC5276 /* Frameworks */,
				04045C031A6C271500DC5276 /* Resources */,
			);
			buildRules = (
			);
			dependencies = (
			);
			name = PersistentStorage;
			productName = PersistentStorage;
			productReference = 04045C051A6C271500DC5276 /* PersistentStorage.app */;
			productType = "com.apple.product-type.application";
		};
		04045C191A6C271500DC5276 /* PersistentStorageTests */ = {
			isa = PBXNativeTarget;
			buildConfigurationList = 04045C271A6C271500DC5276 /* Build configuration list for PBXNativeTarget "PersistentStorageTests" */;
			buildPhases = (
				04045C161A6C271500DC5276 /* Sources */,
				04045C171A6C271500DC5276 /* Frameworks */,
				04045C181A6C271500DC5276 /* Resources */,
			);
			buildRules = (
			);
			dependencies = (
				04045C1C1A6C271500DC5276 /* PBXTargetDependency */,
			);
			name = PersistentStorageTests;
			productName = PersistentStorageTests;
			productReference = 04045C1A1A6C271500DC5276 /* PersistentStorageTests.xctest */;
			productType = "com.apple.product-type.bundle.unit-test";
		};
/* End PBXNativeTarget section */

/* Begin PBXProject section */
		04045BFD1A6C271500DC5276 /* Project object */ = {
			isa = PBXProject;
			attributes = {
				LastUpgradeCheck = 0610;
				ORGANIZATIONNAME = MEB;
				TargetAttributes = {
					04045C041A6C271500DC5276 = {
						CreatedOnToolsVersion = 6.1.1;
					};
					04045C191A6C271500DC5276 = {
						CreatedOnToolsVersion = 6.1.1;
						TestTargetID = 04045C041A6C271500DC5276;
					};
				};
			};
			buildConfigurationList = 04045C001A6C271500DC5276 /* Build configuration list for PBXProject "PersistentStorage" */;
			compatibilityVersion = "Xcode 3.2";
			developmentRegion = English;
			hasScannedForEncodings = 0;
			knownRegions = (
				en,
				Base,
			);
			mainGroup = 04045BFC1A6C271500DC5276;
			productRefGroup = 04045C061A6C271500DC5276 /* Products */;
			projectDirPath = "";
			projectRoot = "";
			targets = (
				04045C041A6C271500DC5276 /* PersistentStorage */,
				04045C191A6C271500DC5276 /* PersistentStorageTests */,
			);
		};
/* End PBXProject section */

/* Begin PBXResourcesBuildPhase section */
		04045C031A6C271500DC5276 /* Resources */ = {
			isa = PBXResourcesBuildPhase;
			buildActionMask = 2147483647;
			files = (
				04045C101A6C271500DC5276 /* Main.storyboard in Resources */,
				04045C151A6C271500DC5276 /* LaunchScreen.xib in Resources */,
				04045C121A6C271500DC5276 /* Images.xcassets in Resources */,
			);
			runOnlyForDeploymentPostprocessing = 0;
		};
		04045C181A6C271500DC5276 /* Resources */ = {
			isa = PBXResourcesBuildPhase;
			buildActionMask = 2147483647;
			files = (
			);
			runOnlyForDeploymentPostprocessing = 0;
		};
/* End PBXResourcesBuildPhase section */

/* Begin PBXSourcesBuildPhase section */
		04045C011A6C271500DC5276 /* Sources */ = {
			isa = PBXSourcesBuildPhase;
			buildActionMask = 2147483647;
			files = (
				04045C0D1A6C271500DC5276 /* ViewController.swift in Sources */,
				04045C0B1A6C271500DC5276 /* AppDelegate.swift in Sources */,
			);
			runOnlyForDeploymentPostprocessing = 0;
		};
		04045C161A6C271500DC5276 /* Sources */ = {
			isa = PBXSourcesBuildPhase;
			buildActionMask = 2147483647;
			files = (
				04045C211A6C271500DC5276 /* PersistentStorageTests.swift in Sources */,
			);
			runOnlyForDeploymentPostprocessing = 0;
		};
/* End PBXSourcesBuildPhase section */

/* Begin PBXTargetDependency section */
		04045C1C1A6C271500DC5276 /* PBXTargetDependency */ = {
			isa = PBXTargetDependency;
			target = 04045C041A6C271500DC5276 /* PersistentStorage */;
			targetProxy = 04045C1B1A6C271500DC5276 /* PBXContainerItemProxy */;
		};
/* End PBXTargetDependency section */

/* Begin PBXVariantGroup section */
		04045C0E1A6C271500DC5276 /* Main.storyboard */ = {
			isa = PBXVariantGroup;
			children = (
				04045C0F1A6C271500DC5276 /* Base */,
			);
			name = Main.storyboard;
			sourceTree = "<group>";
		};
		04045C131A6C271500DC5276 /* LaunchScreen.xib */ = {
			isa = PBXVariantGroup;
			children = (
				04045C141A6C271500DC5276 /* Base */,
			);
			name = LaunchScreen.xib;
			sourceTree = "<group>";
		};
/* End PBXVariantGroup section */

/* Begin XCBuildConfiguration section */
		04045C221A6C271500DC5276 /* Debug */ = {
			isa = XCBuildConfiguration;
			buildSettings = {
				ALWAYS_SEARCH_USER_PATHS = NO;
				CLANG_CXX_LANGUAGE_STANDARD = "gnu++0x";
				CLANG_CXX_LIBRARY = "libc++";
				CLANG_ENABLE_MODULES = YES;
				CLANG_ENABLE_OBJC_ARC = YES;
				CLANG_WARN_BOOL_CONVERSION = YES;
				CLANG_WARN_CONSTANT_CONVERSION = YES;
				CLANG_WARN_DIRECT_OBJC_ISA_USAGE = YES_ERROR;
				CLANG_WARN_EMPTY_BODY = YES;
				CLANG_WARN_ENUM_CONVERSION = YES;
				CLANG_WARN_INT_CONVERSION = YES;
				CLANG_WARN_OBJC_ROOT_CLASS = YES_ERROR;
				CLANG_WARN_UNREACHABLE_CODE = YES;
				CLANG_WARN__DUPLICATE_METHOD_MATCH = YES;
				"CODE_SIGN_IDENTITY[sdk=iphoneos*]" = "iPhone Developer";
				COPY_PHASE_STRIP = NO;
				ENABLE_STRICT_OBJC_MSGSEND = YES;
				GCC_C_LANGUAGE_STANDARD = gnu99;
				GCC_DYNAMIC_NO_PIC = NO;
				GCC_OPTIMIZATION_LEVEL = 0;
				GCC_PREPROCESSOR_DEFINITIONS = (
					"DEBUG=1",
					"$(inherited)",
				);
				GCC_SYMBOLS_PRIVATE_EXTERN = NO;
				GCC_WARN_64_TO_32_BIT_CONVERSION = YES;
				GCC_WARN_ABOUT_RETURN_TYPE = YES_ERROR;
				GCC_WARN_UNDECLARED_SELECTOR = YES;
				GCC_WARN_UNINITIALIZED_AUTOS = YES_AGGRESSIVE;
				GCC_WARN_UNUSED_FUNCTION = YES;
				GCC_WARN_UNUSED_VARIABLE = YES;
				IPHONEOS_DEPLOYMENT_TARGET = 8.1;
				MTL_ENABLE_DEBUG_INFO = YES;
				ONLY_ACTIVE_ARCH = YES;
				SDKROOT = iphoneos;
				SWIFT_OPTIMIZATION_LEVEL = "-Onone";
			};
			name = Debug;
		};
		04045C231A6C271500DC5276 /* Release */ = {
			isa = XCBuildConfiguration;
			buildSettings = {
				ALWAYS_SEARCH_USER_PATHS = NO;
				CLANG_CXX_LANGUAGE_STANDARD = "gnu++0x";
				CLANG_CXX_LIBRARY = "libc++";
				CLANG_ENABLE_MODULES = YES;
				CLANG_ENABLE_OBJC_ARC = YES;
				CLANG_WARN_BOOL_CONVERSION = YES;
				CLANG_WARN_CONSTANT_CONVERSION = YES;
				CLANG_WARN_DIRECT_OBJC_ISA_USAGE = YES_ERROR;
				CLANG_WARN_EMPTY_BODY = YES;
				CLANG_WARN_ENUM_CONVERSION = YES;
				CLANG_WARN_INT_CONVERSION = YES;
				CLANG_WARN_OBJC_ROOT_CLASS = YES_ERROR;
				CLANG_WARN_UNREACHABLE_CODE = YES;
				CLANG_WARN__DUPLICATE_METHOD_MATCH = YES;
				"CODE_SIGN_IDENTITY[sdk=iphoneos*]" = "iPhone Developer";
				COPY_PHASE_STRIP = YES;
				ENABLE_NS_ASSERTIONS = NO;
				ENABLE_STRICT_OBJC_MSGSEND = YES;
				GCC_C_LANGUAGE_STANDARD = gnu99;
				GCC_WARN_64_TO_32_BIT_CONVERSION = YES;
				GCC_WARN_ABOUT_RETURN_TYPE = YES_ERROR;
				GCC_WARN_UNDECLARED_SELECTOR = YES;
				GCC_WARN_UNINITIALIZED_AUTOS = YES_AGGRESSIVE;
				GCC_WARN_UNUSED_FUNCTION = YES;
				GCC_WARN_UNUSED_VARIABLE = YES;
				IPHONEOS_DEPLOYMENT_TARGET = 8.1;
				MTL_ENABLE_DEBUG_INFO = NO;
				SDKROOT = iphoneos;
				VALIDATE_PRODUCT = YES;
			};
			name = Release;
		};
		04045C251A6C271500DC5276 /* Debug */ = {
			isa = XCBuildConfiguration;
			buildSettings = {
				ASSETCATALOG_COMPILER_APPICON_NAME = AppIcon;
				INFOPLIST_FILE = PersistentStorage/Info.plist;
				LD_RUNPATH_SEARCH_PATHS = "$(inherited) @executable_path/Frameworks";
				PRODUCT_NAME = "$(TARGET_NAME)";
			};
			name = Debug;
		};
		04045C261A6C271500DC5276 /* Release */ = {
			isa = XCBuildConfiguration;
			buildSettings = {
				ASSETCATALOG_COMPILER_APPICON_NAME = AppIcon;
				INFOPLIST_FILE = PersistentStorage/Info.plist;
				LD_RUNPATH_SEARCH_PATHS = "$(inherited) @executable_path/Frameworks";
				PRODUCT_NAME = "$(TARGET_NAME)";
			};
			name = Release;
		};
		04045C281A6C271500DC5276 /* Debug */ = {
			isa = XCBuildConfiguration;
			buildSettings = {
				BUNDLE_LOADER = "$(TEST_HOST)";
				FRAMEWORK_SEARCH_PATHS = (
					"$(SDKROOT)/Developer/Library/Frameworks",
					"$(inherited)",
				);
				GCC_PREPROCESSOR_DEFINITIONS = (
					"DEBUG=1",
					"$(inherited)",
				);
				INFOPLIST_FILE = PersistentStorageTests/Info.plist;
				LD_RUNPATH_SEARCH_PATHS = "$(inherited) @executable_path/Frameworks @loader_path/Frameworks";
				PRODUCT_NAME = "$(TARGET_NAME)";
				TEST_HOST = "$(BUILT_PRODUCTS_DIR)/PersistentStorage.app/PersistentStorage";
			};
			name = Debug;
		};
		04045C291A6C271500DC5276 /* Release */ = {
			isa = XCBuildConfiguration;
			buildSettings = {
				BUNDLE_LOADER = "$(TEST_HOST)";
				FRAMEWORK_SEARCH_PATHS = (
					"$(SDKROOT)/Developer/Library/Frameworks",
					"$(inherited)",
				);
				INFOPLIST_FILE = PersistentStorageTests/Info.plist;
				LD_RUNPATH_SEARCH_PATHS = "$(inherited) @executable_path/Frameworks @loader_path/Frameworks";
				PRODUCT_NAME = "$(TARGET_NAME)";
				TEST_HOST = "$(BUILT_PRODUCTS_DIR)/PersistentStorage.app/PersistentStorage";
			};
			name = Release;
		};
/* End XCBuildConfiguration section */

/* Begin XCConfigurationList section */
		04045C001A6C271500DC5276 /* Build configuration list for PBXProject "PersistentStorage" */ = {
			isa = XCConfigurationList;
			buildConfigurations = (
				04045C221A6C271500DC5276 /* Debug */,
				04045C231A6C271500DC5276 /* Release */,
			);
			defaultConfigurationIsVisible = 0;
			defaultConfigurationName = Release;
		};
		04045C241A6C271500DC5276 /* Build configuration list for PBXNativeTarget "PersistentStorage" */ = {
			isa = XCConfigurationList;
			buildConfigurations = (
				04045C251A6C271500DC5276 /* Debug */,
				04045C261A6C271500DC5276 /* Release */,
			);
			defaultConfigurationIsVisible = 0;
		};
		04045C271A6C271500DC5276 /* Build configuration list for PBXNativeTarget "PersistentStorageTests" */ = {
			isa = XCConfigurationList;
			buildConfigurations = (
				04045C281A6C271500DC5276 /* Debug */,
				04045C291A6C271500DC5276 /* Release */,
			);
			defaultConfigurationIsVisible = 0;
		};
/* End XCConfigurationList section */
	};
	rootObject = 04045BFD1A6C271500DC5276 /* Project object */;
}
